
Microsoft Visual Studio Solution File, Format Version 12.00
# Visual Studio Version 16
VisualStudioVersion = 16.0.29326.143
MinimumVisualStudioVersion = 10.0.40219.1
Project("{888888A0-9F3D-457C-B088-3A5042F75D52}") = "BmesProject", "BmesProject\BmesProject.pyproj", "{718283C3-30B3-4633-9F5D-762AF661DD08}"
EndProject
Global
	GlobalSection(SolutionConfigurationPlatforms) = preSolution
		Debug|Any CPU = Debug|Any CPU
		Release|Any CPU = Release|Any CPU
	EndGlobalSection
	GlobalSection(ProjectConfigurationPlatforms) = postSolution
		{718283C3-30B3-4633-9F5D-762AF661DD08}.Debug|Any CPU.ActiveCfg = Debug|Any CPU
		{718283C3-30B3-4633-9F5D-762AF661DD08}.Debug|Any CPU.Build.0 = Debug|Any CPU
		{718283C3-30B3-4633-9F5D-762AF661DD08}.Release|Any CPU.ActiveCfg = Release|Any CPU
		{718283C3-30B3-4633-9F5D-762AF661DD08}.Release|Any CPU.Build.0 = Release|Any CPU
	EndGlobalSection
	GlobalSection(SolutionProperties) = preSolution
		HideSolutionNode = FALSE
	EndGlobalSection
	GlobalSection(ExtensibilityGlobals) = postSolution
		SolutionGuid = {A9C14DD8-C4C8-4BA3-8345-156C637566AE}
	EndGlobalSection
EndGlobal
